<?xml version="1.0" encoding="utf-8"?>
<Project ToolsVersion="4.0" xmlns="http://schemas.microsoft.com/developer/msbuild/2003">
  <ItemGroup>
    <Filter Include="Source Files">
      <UniqueIdentifier>{4FC737F1-C7A5-4376-A066-2A32D752A2FF}</UniqueIdentifier>
      <Extensions>cpp;c;cc;cxx;c++;cppm;ixx;def;odl;idl;hpj;bat;asm;asmx</Extensions>
    </Filter>
    <Filter Include="Header Files">
      <UniqueIdentifier>{93995380-89BD-4b04-88EB-625FBE52EBFB}</UniqueIdentifier>
      <Extensions>h;hh;hpp;hxx;h++;hm;inl;inc;ipp;xsd</Extensions>
    </Filter>
    <Filter Include="Resource Files">
      <UniqueIdentifier>{67DA6AB6-F800-4c08-8B7A-83BB121AAD01}</UniqueIdentifier>
      <Extensions>rc;ico;cur;bmp;dlg;rc2;rct;bin;rgs;gif;jpg;jpeg;jpe;resx;tiff;tif;png;wav;mfcribbon-ms</Extensions>
    </Filter>
  </ItemGroup>
  <ItemGroup>
    <ClCompile Include="app\utils\helpers.cpp">
      <Filter>Source Files</Filter>
    </ClCompile>
    <ClCompile Include="app\utils\path.cpp">
      <Filter>Source Files</Filter>
    </ClCompile>
    <ClCompile Include="app\utils\screen.cpp">
      <Filter>Source Files</Filter>
    </ClCompile>
    <ClCompile Include="app\utils\timer.cpp">
      <Filter>Source Files</Filter>
    </ClCompile>
    <ClCompile Include="app\main.cpp">
      <Filter>Source Files</Filter>
    </ClCompile>
    <ClCompile Include="app\objects\3d_objects\Cone.cpp">
      <Filter>Source Files</Filter>
    </ClCompile>
    <ClCompile Include="app\objects\3d_objects\Cube.cpp">
      <Filter>Source Files</Filter>
    </ClCompile>
    <ClCompile Include="app\objects\3d_objects\Cylinder.cpp">
      <Filter>Source Files</Filter>
    </ClCompile>
    <ClCompile Include="app\objects\3d_objects\Hyperpoloid.cpp">
      <Filter>Source Files</Filter>
    </ClCompile>
    <ClCompile Include="app\objects\3d_objects\Point3i.cpp">
      <Filter>Source Files</Filter>
    </ClCompile>
    <ClCompile Include="app\objects\3d_objects\shape3D.cpp">
      <Filter>Source Files</Filter>
    </ClCompile>
    <ClCompile Include="app\objects\3d_objects\Sphere.cpp">
      <Filter>Source Files</Filter>
    </ClCompile>
    <ClCompile Include="app\objects\3d_objects\Torus.cpp">
      <Filter>Source Files</Filter>
    </ClCompile>
    <ClCompile Include="app\objects\Color.cpp">
      <Filter>Source Files</Filter>
    </ClCompile>
      <Filter>Source Files</Filter>
    </ClCompile>
    <ClCompile Include="app\objects\3d_objects\RoundedCone.cpp">
      <Filter>Source Files</Filter>
    </ClCompile>
    <ClCompile Include="app\externals\Simple-OpenGL-Image-Library\src\image_DXT.c">
      <Filter>Source Files</Filter>
    </ClCompile>
    <ClCompile Include="app\externals\Simple-OpenGL-Image-Library\src\image_helper.c">
      <Filter>Source Files</Filter>
    </ClCompile>
    <ClCompile Include="app\externals\Simple-OpenGL-Image-Library\src\SOIL.c">
      <Filter>Source Files</Filter>
    </ClCompile>
    <ClCompile Include="app\externals\Simple-OpenGL-Image-Library\src\stb_image_aug.c">
      <Filter>Source Files</Filter>
    </ClCompile>
    <ClCompile Include="app\externals\Simple-OpenGL-Image-Library\src\test_SOIL.cpp">
      <Filter>Source Files</Filter>
    </ClCompile>
  </ItemGroup>
  <ItemGroup>
    <ClInclude Include="app\utils\helpers.h">
      <Filter>Header Files</Filter>
    </ClInclude>
    <ClInclude Include="app\utils\path.h">
      <Filter>Header Files</Filter>
    </ClInclude>
    <ClInclude Include="app\utils\screen.h">
      <Filter>Header Files</Filter>
    </ClInclude>
    <ClInclude Include="app\utils\timer.h">
      <Filter>Header Files</Filter>
    </ClInclude>
    <ClInclude Include="app\objects\3d_objects\all.h">
      <Filter>Header Files</Filter>
    </ClInclude>
    <ClInclude Include="app\objects\3d_objects\Cone.h">
      <Filter>Header Files</Filter>
    </ClInclude>
    <ClInclude Include="app\objects\3d_objects\Cube.h">
      <Filter>Header Files</Filter>
    </ClInclude>
    <ClInclude Include="app\objects\3d_objects\Cylinder.h">
      <Filter>Header Files</Filter>
    </ClInclude>
    <ClInclude Include="app\objects\3d_objects\Hyperpoloid.h">
      <Filter>Header Files</Filter>
    </ClInclude>
    <ClInclude Include="app\objects\3d_objects\Point3i.h">
      <Filter>Header Files</Filter>
    </ClInclude>
    <ClInclude Include="app\objects\3d_objects\Shape3D.h">
      <Filter>Header Files</Filter>
    </ClInclude>
    <ClInclude Include="app\objects\3d_objects\Sphere.h">
      <Filter>Header Files</Filter>
    </ClInclude>
    <ClInclude Include="app\objects\3d_objects\Torus.h">
      <Filter>Header Files</Filter>
    </ClInclude>
    <ClInclude Include="app\objects\Color.h">
      <Filter>Header Files</Filter>
    </ClInclude>
      <Filter>Header Files</Filter>
    </ClInclude>
    <ClInclude Include="app\objects\3d_objects\RoundedCone.h">
      <Filter>Header Files</Filter>
    </ClInclude>
    <ClInclude Include="app\externals\Simple-OpenGL-Image-Library\src\image_DXT.h">
      <Filter>Header Files</Filter>
    </ClInclude>
    <ClInclude Include="app\externals\Simple-OpenGL-Image-Library\src\image_helper.h">
      <Filter>Header Files</Filter>
    </ClInclude>
    <ClInclude Include="app\externals\Simple-OpenGL-Image-Library\src\SOIL.h">
      <Filter>Header Files</Filter>
    </ClInclude>
    <ClInclude Include="app\externals\Simple-OpenGL-Image-Library\src\stb_image_aug.h">
      <Filter>Header Files</Filter>
    </ClInclude>
    <ClInclude Include="app\externals\Simple-OpenGL-Image-Library\src\stbi_DDS_aug.h">
      <Filter>Header Files</Filter>
    </ClInclude>
    <ClInclude Include="app\externals\Simple-OpenGL-Image-Library\src\stbi_DDS_aug_c.h">
      <Filter>Header Files</Filter>
    </ClInclude>
  </ItemGroup>
</Project>