<?xml version="1.0" encoding="utf-8"?>
<Project ToolsVersion="4.0" xmlns="http://schemas.microsoft.com/developer/msbuild/2003">
  <ItemGroup>
    <Filter Include="Source Files">
      <UniqueIdentifier>{4FC737F1-C7A5-4376-A066-2A32D752A2FF}</UniqueIdentifier>
      <Extensions>cpp;c;cc;cxx;c++;cppm;ixx;def;odl;idl;hpj;bat;asm;asmx</Extensions>
    </Filter>
    <Filter Include="Header Files">
      <UniqueIdentifier>{93995380-89BD-4b04-88EB-625FBE52EBFB}</UniqueIdentifier>
      <Extensions>h;hh;hpp;hxx;h++;hm;inl;inc;ipp;xsd</Extensions>
    </Filter>
    <Filter Include="Resource Files">
      <UniqueIdentifier>{67DA6AB6-F800-4c08-8B7A-83BB121AAD01}</UniqueIdentifier>
      <Extensions>rc;ico;cur;bmp;dlg;rc2;rct;bin;rgs;gif;jpg;jpeg;jpe;resx;tiff;tif;png;wav;mfcribbon-ms</Extensions>
    </Filter>
  </ItemGroup>
  <ItemGroup>
    <ClCompile Include="app\utils\path.cpp">
      <Filter>Source Files</Filter>
    </ClCompile>
    <ClCompile Include="app\utils\screen.cpp">
      <Filter>Source Files</Filter>
    </ClCompile>
    <ClCompile Include="app\utils\timer.cpp">
      <Filter>Source Files</Filter>
    </ClCompile>
    <ClCompile Include="app\utils\utils.cpp">
      <Filter>Source Files</Filter>
    </ClCompile>
    <ClCompile Include="app\objects\Arrow.cpp">
      <Filter>Source Files</Filter>
    </ClCompile>
    <ClCompile Include="app\objects\Circle.cpp">
      <Filter>Source Files</Filter>
    </ClCompile>
    <ClCompile Include="app\objects\Color.cpp">
      <Filter>Source Files</Filter>
    </ClCompile>
    <ClCompile Include="app\objects\Elipse.cpp">
      <Filter>Source Files</Filter>
    </ClCompile>
    <ClCompile Include="app\objects\Line.cpp">
      <Filter>Source Files</Filter>
    </ClCompile>
    <ClCompile Include="app\objects\Point.cpp">
      <Filter>Source Files</Filter>
    </ClCompile>
    <ClCompile Include="app\objects\Rectangle.cpp">
      <Filter>Source Files</Filter>
    </ClCompile>
    <ClCompile Include="app\objects\Shape.cpp">
      <Filter>Source Files</Filter>
    </ClCompile>
    <ClCompile Include="app\objects\Square.cpp">
      <Filter>Source Files</Filter>
    </ClCompile>
    <ClCompile Include="app\objects\Triangle.cpp">
      <Filter>Source Files</Filter>
    </ClCompile>
    <ClCompile Include="app\main.cpp">
      <Filter>Source Files</Filter>
    </ClCompile>
    <ClCompile Include="app\objects\menu_entry.cpp">
      <Filter>Source Files</Filter>
    </ClCompile>
    <ClCompile Include="app\objects\Pentagon.cpp">
      <Filter>Source Files</Filter>
    </ClCompile>
    <ClCompile Include="app\objects\Star.cpp">
      <Filter>Source Files</Filter>
    </ClCompile>
    <ClCompile Include="app\objects\helpers.cpp">
      <Filter>Source Files</Filter>
    </ClCompile>
    <ClCompile Include="app\objects\Divide.cpp">
      <Filter>Source Files</Filter>
    </ClCompile>
    <ClCompile Include="app\objects\Hexagon.cpp">
      <Filter>Source Files</Filter>
    </ClCompile>
    <ClCompile Include="app\objects\Minus.cpp">
      <Filter>Source Files</Filter>
    </ClCompile>
    <ClCompile Include="app\objects\Plus.cpp">
      <Filter>Source Files</Filter>
    </ClCompile>
    <ClCompile Include="app\objects\times.cpp">
      <Filter>Source Files</Filter>
    </ClCompile>
  </ItemGroup>
  <ItemGroup>
    <ClInclude Include="app\objects\all.h">
      <Filter>Header Files</Filter>
    </ClInclude>
    <ClInclude Include="app\objects\Arrow.h">
      <Filter>Header Files</Filter>
    </ClInclude>
    <ClInclude Include="app\objects\Circle.h">
      <Filter>Header Files</Filter>
    </ClInclude>
    <ClInclude Include="app\objects\Color.h">
      <Filter>Header Files</Filter>
    </ClInclude>
    <ClInclude Include="app\objects\Elipse.h">
      <Filter>Header Files</Filter>
    </ClInclude>
    <ClInclude Include="app\objects\Line.h">
      <Filter>Header Files</Filter>
    </ClInclude>
    <ClInclude Include="app\utils\path.h">
      <Filter>Header Files</Filter>
    </ClInclude>
    <ClInclude Include="app\objects\Point.h">
      <Filter>Header Files</Filter>
    </ClInclude>
    <ClInclude Include="app\objects\Rectangle.h">
      <Filter>Header Files</Filter>
    </ClInclude>
    <ClInclude Include="app\utils\screen.h">
      <Filter>Header Files</Filter>
    </ClInclude>
    <ClInclude Include="app\objects\Shape.h">
      <Filter>Header Files</Filter>
    </ClInclude>
    <ClInclude Include="app\objects\Square.h">
      <Filter>Header Files</Filter>
    </ClInclude>
    <ClInclude Include="app\utils\timer.h">
      <Filter>Header Files</Filter>
    </ClInclude>
    <ClInclude Include="app\objects\Triangle.h">
      <Filter>Header Files</Filter>
    </ClInclude>
    <ClInclude Include="app\utils\utils.h">
      <Filter>Header Files</Filter>
    </ClInclude>
    <ClInclude Include="app\objects\menu_entry.h">
      <Filter>Header Files</Filter>
    </ClInclude>
    <ClInclude Include="app\objects\helpers.h">
      <Filter>Header Files</Filter>
    </ClInclude>
    <ClInclude Include="app\objects\Star.h">
      <Filter>Header Files</Filter>
    </ClInclude>
    <ClInclude Include="app\objects\Pentagon.h">
      <Filter>Header Files</Filter>
    </ClInclude>
    <ClInclude Include="app\objects\Plus.h">
      <Filter>Header Files</Filter>
    </ClInclude>
    <ClInclude Include="app\objects\Divide.h">
      <Filter>Header Files</Filter>
    </ClInclude>
    <ClInclude Include="app\objects\Minus.h">
      <Filter>Header Files</Filter>
    </ClInclude>
    <ClInclude Include="app\objects\times.h">
      <Filter>Header Files</Filter>
    </ClInclude>
    <ClInclude Include="app\objects\Hexagon.h">
      <Filter>Header Files</Filter>
    </ClInclude>
  </ItemGroup>
</Project>